// !$*UTF8*$!
{
	archiveVersion = 1;
	classes = {
	};
	objectVersion = 60;
	objects = {

/* Begin PBXBuildFile section */
		C04BA7DF2C9772EF00E32B25 /* LBTASwiftUIFirebaseChatApp.swift in Sources */ = {isa = PBXBuildFile; fileRef = C04BA7DE2C9772EF00E32B25 /* LBTASwiftUIFirebaseChatApp.swift */; };
		C04BA7E12C9772EF00E32B25 /* LoginView.swift in Sources */ = {isa = PBXBuildFile; fileRef = C04BA7E02C9772EF00E32B25 /* LoginView.swift */; };
		C04BA7E32C9772F100E32B25 /* Assets.xcassets in Resources */ = {isa = PBXBuildFile; fileRef = C04BA7E22C9772F100E32B25 /* Assets.xcassets */; };
		C04BA7E62C9772F100E32B25 /* Preview Assets.xcassets in Resources */ = {isa = PBXBuildFile; fileRef = C04BA7E52C9772F100E32B25 /* Preview Assets.xcassets */; };
		C051BC532CA17A5E00FF5958 /* ChatLogView.swift in Sources */ = {isa = PBXBuildFile; fileRef = C051BC522CA17A5E00FF5958 /* ChatLogView.swift */; };
		C061BBFB2C9C25AC008D516B /* ChatUser.swift in Sources */ = {isa = PBXBuildFile; fileRef = C061BBFA2C9C25AC008D516B /* ChatUser.swift */; };
		C061BC032C9C2F03008D516B /* CreateNewMessageView.swift in Sources */ = {isa = PBXBuildFile; fileRef = C061BC022C9C2F03008D516B /* CreateNewMessageView.swift */; };
		C0AE261F2C997D500020EE9E /* GoogleService-Info.plist in Resources */ = {isa = PBXBuildFile; fileRef = C0AE261E2C997D500020EE9E /* GoogleService-Info.plist */; };
		C0AE26232C99889A0020EE9E /* ImagePicker.swift in Sources */ = {isa = PBXBuildFile; fileRef = C0AE26222C99889A0020EE9E /* ImagePicker.swift */; };
		C0F05F482C9AFD52003FF73E /* MainMessageView.swift in Sources */ = {isa = PBXBuildFile; fileRef = C0F05F472C9AFD52003FF73E /* MainMessageView.swift */; };
		C0F05F4E2C9B12DE003FF73E /* SDWebImage in Frameworks */ = {isa = PBXBuildFile; productRef = C0F05F4D2C9B12DE003FF73E /* SDWebImage */; };
		C0F05F502C9B12DE003FF73E /* SDWebImageMapKit in Frameworks */ = {isa = PBXBuildFile; productRef = C0F05F4F2C9B12DE003FF73E /* SDWebImageMapKit */; };
		C0F05F532C9B1499003FF73E /* SDWebImageSwiftUI in Frameworks */ = {isa = PBXBuildFile; productRef = C0F05F522C9B1499003FF73E /* SDWebImageSwiftUI */; };
		C0F286882CAD540E00439FDE /* RecentMessage.swift in Sources */ = {isa = PBXBuildFile; fileRef = C0F286872CAD540E00439FDE /* RecentMessage.swift */; };
		C0F2868B2CAD549800439FDE /* FirebaseAuth in Frameworks */ = {isa = PBXBuildFile; productRef = C0F2868A2CAD549800439FDE /* FirebaseAuth */; };
		C0F2868D2CAD549800439FDE /* FirebaseDatabase in Frameworks */ = {isa = PBXBuildFile; productRef = C0F2868C2CAD549800439FDE /* FirebaseDatabase */; };
		C0F2868F2CAD549800439FDE /* FirebaseFirestore in Frameworks */ = {isa = PBXBuildFile; productRef = C0F2868E2CAD549800439FDE /* FirebaseFirestore */; };
		C0F286912CAD549800439FDE /* FirebaseStorage in Frameworks */ = {isa = PBXBuildFile; productRef = C0F286902CAD549800439FDE /* FirebaseStorage */; };
/* End PBXBuildFile section */

/* Begin PBXFileReference section */
		C04BA7DB2C9772EF00E32B25 /* LBTASwiftUIFirebaseChat.app */ = {isa = PBXFileReference; explicitFileType = wrapper.application; includeInIndex = 0; path = LBTASwiftUIFirebaseChat.app; sourceTree = BUILT_PRODUCTS_DIR; };
		C04BA7DE2C9772EF00E32B25 /* LBTASwiftUIFirebaseChatApp.swift */ = {isa = PBXFileReference; lastKnownFileType = sourcecode.swift; path = LBTASwiftUIFirebaseChatApp.swift; sourceTree = "<group>"; };
		C04BA7E02C9772EF00E32B25 /* LoginView.swift */ = {isa = PBXFileReference; lastKnownFileType = sourcecode.swift; path = LoginView.swift; sourceTree = "<group>"; };
		C04BA7E22C9772F100E32B25 /* Assets.xcassets */ = {isa = PBXFileReference; lastKnownFileType = folder.assetcatalog; path = Assets.xcassets; sourceTree = "<group>"; };
		C04BA7E52C9772F100E32B25 /* Preview Assets.xcassets */ = {isa = PBXFileReference; lastKnownFileType = folder.assetcatalog; path = "Preview Assets.xcassets"; sourceTree = "<group>"; };
		C051BC522CA17A5E00FF5958 /* ChatLogView.swift */ = {isa = PBXFileReference; lastKnownFileType = sourcecode.swift; path = ChatLogView.swift; sourceTree = "<group>"; };
		C061BBFA2C9C25AC008D516B /* ChatUser.swift */ = {isa = PBXFileReference; lastKnownFileType = sourcecode.swift; path = ChatUser.swift; sourceTree = "<group>"; };
		C061BC022C9C2F03008D516B /* CreateNewMessageView.swift */ = {isa = PBXFileReference; lastKnownFileType = sourcecode.swift; path = CreateNewMessageView.swift; sourceTree = "<group>"; };
		C0AE261E2C997D500020EE9E /* GoogleService-Info.plist */ = {isa = PBXFileReference; fileEncoding = 4; lastKnownFileType = text.plist.xml; path = "GoogleService-Info.plist"; sourceTree = "<group>"; };
		C0AE26222C99889A0020EE9E /* ImagePicker.swift */ = {isa = PBXFileReference; lastKnownFileType = sourcecode.swift; path = ImagePicker.swift; sourceTree = "<group>"; };
		C0F05F472C9AFD52003FF73E /* MainMessageView.swift */ = {isa = PBXFileReference; lastKnownFileType = sourcecode.swift; path = MainMessageView.swift; sourceTree = "<group>"; };
		C0F286872CAD540E00439FDE /* RecentMessage.swift */ = {isa = PBXFileReference; lastKnownFileType = sourcecode.swift; path = RecentMessage.swift; sourceTree = "<group>"; };
/* End PBXFileReference section */

/* Begin PBXFrameworksBuildPhase section */
		C04BA7D82C9772EF00E32B25 /* Frameworks */ = {
			isa = PBXFrameworksBuildPhase;
			buildActionMask = 2147483647;
			files = (
				C0F2868D2CAD549800439FDE /* FirebaseDatabase in Frameworks */,
				C0F05F532C9B1499003FF73E /* SDWebImageSwiftUI in Frameworks */,
				C0F05F502C9B12DE003FF73E /* SDWebImageMapKit in Frameworks */,
				C0F05F4E2C9B12DE003FF73E /* SDWebImage in Frameworks */,
				C0F286912CAD549800439FDE /* FirebaseStorage in Frameworks */,
				C0F2868B2CAD549800439FDE /* FirebaseAuth in Frameworks */,
				C0F2868F2CAD549800439FDE /* FirebaseFirestore in Frameworks */,
			);
			runOnlyForDeploymentPostprocessing = 0;
		};
/* End PBXFrameworksBuildPhase section */

/* Begin PBXGroup section */
		C04BA7D22C9772EF00E32B25 = {
			isa = PBXGroup;
			children = (
				C04BA7DD2C9772EF00E32B25 /* LBTASwiftUIFirebaseChat */,
				C04BA7DC2C9772EF00E32B25 /* Products */,
			);
			sourceTree = "<group>";
		};
		C04BA7DC2C9772EF00E32B25 /* Products */ = {
			isa = PBXGroup;
			children = (
				C04BA7DB2C9772EF00E32B25 /* LBTASwiftUIFirebaseChat.app */,
			);
			name = Products;
			sourceTree = "<group>";
		};
		C04BA7DD2C9772EF00E32B25 /* LBTASwiftUIFirebaseChat */ = {
			isa = PBXGroup;
			children = (
				C051BC512CA17A4D00FF5958 /* Chat */,
				C061BBF92C9C2591008D516B /* Model */,
				C061BBFD2C9C2893008D516B /* MainMessages */,
				C0F05F472C9AFD52003FF73E /* MainMessageView.swift */,
				C04BA7DE2C9772EF00E32B25 /* LBTASwiftUIFirebaseChatApp.swift */,
				C04BA7E02C9772EF00E32B25 /* LoginView.swift */,
				C0AE261E2C997D500020EE9E /* GoogleService-Info.plist */,
				C04BA7E22C9772F100E32B25 /* Assets.xcassets */,
				C0AE26222C99889A0020EE9E /* ImagePicker.swift */,
				C04BA7E42C9772F100E32B25 /* Preview Content */,
			);
			path = LBTASwiftUIFirebaseChat;
			sourceTree = "<group>";
		};
		C04BA7E42C9772F100E32B25 /* Preview Content */ = {
			isa = PBXGroup;
			children = (
				C04BA7E52C9772F100E32B25 /* Preview Assets.xcassets */,
			);
			path = "Preview Content";
			sourceTree = "<group>";
		};
		C051BC512CA17A4D00FF5958 /* Chat */ = {
			isa = PBXGroup;
			children = (
				C051BC522CA17A5E00FF5958 /* ChatLogView.swift */,
			);
			path = Chat;
			sourceTree = "<group>";
		};
		C061BBF92C9C2591008D516B /* Model */ = {
			isa = PBXGroup;
			children = (
				C061BBFA2C9C25AC008D516B /* ChatUser.swift */,
				C0F286872CAD540E00439FDE /* RecentMessage.swift */,
			);
			path = Model;
			sourceTree = "<group>";
		};
		C061BBFD2C9C2893008D516B /* MainMessages */ = {
			isa = PBXGroup;
			children = (
				C061BC012C9C2EEE008D516B /* NewMessage */,
			);
			path = MainMessages;
			sourceTree = "<group>";
		};
		C061BC012C9C2EEE008D516B /* NewMessage */ = {
			isa = PBXGroup;
			children = (
				C061BC022C9C2F03008D516B /* CreateNewMessageView.swift */,
			);
			path = NewMessage;
			sourceTree = "<group>";
		};
/* End PBXGroup section */

/* Begin PBXNativeTarget section */
		C04BA7DA2C9772EF00E32B25 /* LBTASwiftUIFirebaseChat */ = {
			isa = PBXNativeTarget;
			buildConfigurationList = C04BA7E92C9772F100E32B25 /* Build configuration list for PBXNativeTarget "LBTASwiftUIFirebaseChat" */;
			buildPhases = (
				C04BA7D72C9772EF00E32B25 /* Sources */,
				C04BA7D82C9772EF00E32B25 /* Frameworks */,
				C04BA7D92C9772EF00E32B25 /* Resources */,
			);
			buildRules = (
			);
			dependencies = (
			);
			name = LBTASwiftUIFirebaseChat;
			packageProductDependencies = (
				C0F05F4D2C9B12DE003FF73E /* SDWebImage */,
				C0F05F4F2C9B12DE003FF73E /* SDWebImageMapKit */,
				C0F05F522C9B1499003FF73E /* SDWebImageSwiftUI */,
				C0F2868A2CAD549800439FDE /* FirebaseAuth */,
				C0F2868C2CAD549800439FDE /* FirebaseDatabase */,
				C0F2868E2CAD549800439FDE /* FirebaseFirestore */,
				C0F286902CAD549800439FDE /* FirebaseStorage */,
			);
			productName = LBTASwiftUIFirebaseChat;
			productReference = C04BA7DB2C9772EF00E32B25 /* LBTASwiftUIFirebaseChat.app */;
			productType = "com.apple.product-type.application";
		};
/* End PBXNativeTarget section */

/* Begin PBXProject section */
		C04BA7D32C9772EF00E32B25 /* Project object */ = {
			isa = PBXProject;
			attributes = {
				BuildIndependentTargetsInParallel = 1;
				LastSwiftUpdateCheck = 1540;
				LastUpgradeCheck = 1540;
				TargetAttributes = {
					C04BA7DA2C9772EF00E32B25 = {
						CreatedOnToolsVersion = 15.4;
					};
				};
			};
			buildConfigurationList = C04BA7D62C9772EF00E32B25 /* Build configuration list for PBXProject "LBTASwiftUIFirebaseChat" */;
			compatibilityVersion = "Xcode 14.0";
			developmentRegion = en;
			hasScannedForEncodings = 0;
			knownRegions = (
				en,
				Base,
			);
			mainGroup = C04BA7D22C9772EF00E32B25;
			packageReferences = (
				C0F05F512C9B1499003FF73E /* XCLocalSwiftPackageReference "../../SDWebImageSwiftUI" */,
				C0F286892CAD549800439FDE /* XCRemoteSwiftPackageReference "firebase-ios-sdk" */,
			);
			productRefGroup = C04BA7DC2C9772EF00E32B25 /* Products */;
			projectDirPath = "";
			projectRoot = "";
			targets = (
				C04BA7DA2C9772EF00E32B25 /* LBTASwiftUIFirebaseChat */,
			);
		};
/* End PBXProject section */

/* Begin PBXResourcesBuildPhase section */
		C04BA7D92C9772EF00E32B25 /* Resources */ = {
			isa = PBXResourcesBuildPhase;
			buildActionMask = 2147483647;
			files = (
				C0AE261F2C997D500020EE9E /* GoogleService-Info.plist in Resources */,
				C04BA7E62C9772F100E32B25 /* Preview Assets.xcassets in Resources */,
				C04BA7E32C9772F100E32B25 /* Assets.xcassets in Resources */,
			);
			runOnlyForDeploymentPostprocessing = 0;
		};
/* End PBXResourcesBuildPhase section */

/* Begin PBXSourcesBuildPhase section */
		C04BA7D72C9772EF00E32B25 /* Sources */ = {
			isa = PBXSourcesBuildPhase;
			buildActionMask = 2147483647;
			files = (
				C061BBFB2C9C25AC008D516B /* ChatUser.swift in Sources */,
				C0AE26232C99889A0020EE9E /* ImagePicker.swift in Sources */,
				C0F05F482C9AFD52003FF73E /* MainMessageView.swift in Sources */,
				C061BC032C9C2F03008D516B /* CreateNewMessageView.swift in Sources */,
				C0F286882CAD540E00439FDE /* RecentMessage.swift in Sources */,
				C051BC532CA17A5E00FF5958 /* ChatLogView.swift in Sources */,
				C04BA7E12C9772EF00E32B25 /* LoginView.swift in Sources */,
				C04BA7DF2C9772EF00E32B25 /* LBTASwiftUIFirebaseChatApp.swift in Sources */,
			);
			runOnlyForDeploymentPostprocessing = 0;
		};
/* End PBXSourcesBuildPhase section */

/* Begin XCBuildConfiguration section */
		C04BA7E72C9772F100E32B25 /* Debug */ = {
			isa = XCBuildConfiguration;
			buildSettings = {
				ALWAYS_SEARCH_USER_PATHS = NO;
				ASSETCATALOG_COMPILER_GENERATE_SWIFT_ASSET_SYMBOL_EXTENSIONS = YES;
				CLANG_ANALYZER_NONNULL = YES;
				CLANG_ANALYZER_NUMBER_OBJECT_CONVERSION = YES_AGGRESSIVE;
				CLANG_CXX_LANGUAGE_STANDARD = "gnu++20";
				CLANG_ENABLE_MODULES = YES;
				CLANG_ENABLE_OBJC_ARC = YES;
				CLANG_ENABLE_OBJC_WEAK = YES;
				CLANG_WARN_BLOCK_CAPTURE_AUTORELEASING = YES;
				CLANG_WARN_BOOL_CONVERSION = YES;
				CLANG_WARN_COMMA = YES;
				CLANG_WARN_CONSTANT_CONVERSION = YES;
				CLANG_WARN_DEPRECATED_OBJC_IMPLEMENTATIONS = YES;
				CLANG_WARN_DIRECT_OBJC_ISA_USAGE = YES_ERROR;
				CLANG_WARN_DOCUMENTATION_COMMENTS = YES;
				CLANG_WARN_EMPTY_BODY = YES;
				CLANG_WARN_ENUM_CONVERSION = YES;
				CLANG_WARN_INFINITE_RECURSION = YES;
				CLANG_WARN_INT_CONVERSION = YES;
				CLANG_WARN_NON_LITERAL_NULL_CONVERSION = YES;
				CLANG_WARN_OBJC_IMPLICIT_RETAIN_SELF = YES;
				CLANG_WARN_OBJC_LITERAL_CONVERSION = YES;
				CLANG_WARN_OBJC_ROOT_CLASS = YES_ERROR;
				CLANG_WARN_QUOTED_INCLUDE_IN_FRAMEWORK_HEADER = YES;
				CLANG_WARN_RANGE_LOOP_ANALYSIS = YES;
				CLANG_WARN_STRICT_PROTOTYPES = YES;
				CLANG_WARN_SUSPICIOUS_MOVE = YES;
				CLANG_WARN_UNGUARDED_AVAILABILITY = YES_AGGRESSIVE;
				CLANG_WARN_UNREACHABLE_CODE = YES;
				CLANG_WARN__DUPLICATE_METHOD_MATCH = YES;
				COPY_PHASE_STRIP = NO;
				DEBUG_INFORMATION_FORMAT = dwarf;
				ENABLE_STRICT_OBJC_MSGSEND = YES;
				ENABLE_TESTABILITY = YES;
				ENABLE_USER_SCRIPT_SANDBOXING = YES;
				GCC_C_LANGUAGE_STANDARD = gnu17;
				GCC_DYNAMIC_NO_PIC = NO;
				GCC_NO_COMMON_BLOCKS = YES;
				GCC_OPTIMIZATION_LEVEL = 0;
				GCC_PREPROCESSOR_DEFINITIONS = (
					"DEBUG=1",
					"$(inherited)",
				);
				GCC_WARN_64_TO_32_BIT_CONVERSION = YES;
				GCC_WARN_ABOUT_RETURN_TYPE = YES_ERROR;
				GCC_WARN_UNDECLARED_SELECTOR = YES;
				GCC_WARN_UNINITIALIZED_AUTOS = YES_AGGRESSIVE;
				GCC_WARN_UNUSED_FUNCTION = YES;
				GCC_WARN_UNUSED_VARIABLE = YES;
				IPHONEOS_DEPLOYMENT_TARGET = 17.5;
				LOCALIZATION_PREFERS_STRING_CATALOGS = YES;
				MTL_ENABLE_DEBUG_INFO = INCLUDE_SOURCE;
				MTL_FAST_MATH = YES;
				ONLY_ACTIVE_ARCH = YES;
				SDKROOT = iphoneos;
				SWIFT_ACTIVE_COMPILATION_CONDITIONS = "DEBUG $(inherited)";
				SWIFT_OPTIMIZATION_LEVEL = "-Onone";
			};
			name = Debug;
		};
		C04BA7E82C9772F100E32B25 /* Release */ = {
			isa = XCBuildConfiguration;
			buildSettings = {
				ALWAYS_SEARCH_USER_PATHS = NO;
				ASSETCATALOG_COMPILER_GENERATE_SWIFT_ASSET_SYMBOL_EXTENSIONS = YES;
				CLANG_ANALYZER_NONNULL = YES;
				CLANG_ANALYZER_NUMBER_OBJECT_CONVERSION = YES_AGGRESSIVE;
				CLANG_CXX_LANGUAGE_STANDARD = "gnu++20";
				CLANG_ENABLE_MODULES = YES;
				CLANG_ENABLE_OBJC_ARC = YES;
				CLANG_ENABLE_OBJC_WEAK = YES;
				CLANG_WARN_BLOCK_CAPTURE_AUTORELEASING = YES;
				CLANG_WARN_BOOL_CONVERSION = YES;
				CLANG_WARN_COMMA = YES;
				CLANG_WARN_CONSTANT_CONVERSION = YES;
				CLANG_WARN_DEPRECATED_OBJC_IMPLEMENTATIONS = YES;
				CLANG_WARN_DIRECT_OBJC_ISA_USAGE = YES_ERROR;
				CLANG_WARN_DOCUMENTATION_COMMENTS = YES;
				CLANG_WARN_EMPTY_BODY = YES;
				CLANG_WARN_ENUM_CONVERSION = YES;
				CLANG_WARN_INFINITE_RECURSION = YES;
				CLANG_WARN_INT_CONVERSION = YES;
				CLANG_WARN_NON_LITERAL_NULL_CONVERSION = YES;
				CLANG_WARN_OBJC_IMPLICIT_RETAIN_SELF = YES;
				CLANG_WARN_OBJC_LITERAL_CONVERSION = YES;
				CLANG_WARN_OBJC_ROOT_CLASS = YES_ERROR;
				CLANG_WARN_QUOTED_INCLUDE_IN_FRAMEWORK_HEADER = YES;
				CLANG_WARN_RANGE_LOOP_ANALYSIS = YES;
				CLANG_WARN_STRICT_PROTOTYPES = YES;
				CLANG_WARN_SUSPICIOUS_MOVE = YES;
				CLANG_WARN_UNGUARDED_AVAILABILITY = YES_AGGRESSIVE;
				CLANG_WARN_UNREACHABLE_CODE = YES;
				CLANG_WARN__DUPLICATE_METHOD_MATCH = YES;
				COPY_PHASE_STRIP = NO;
				DEBUG_INFORMATION_FORMAT = "dwarf-with-dsym";
				ENABLE_NS_ASSERTIONS = NO;
				ENABLE_STRICT_OBJC_MSGSEND = YES;
				ENABLE_USER_SCRIPT_SANDBOXING = YES;
				GCC_C_LANGUAGE_STANDARD = gnu17;
				GCC_NO_COMMON_BLOCKS = YES;
				GCC_WARN_64_TO_32_BIT_CONVERSION = YES;
				GCC_WARN_ABOUT_RETURN_TYPE = YES_ERROR;
				GCC_WARN_UNDECLARED_SELECTOR = YES;
				GCC_WARN_UNINITIALIZED_AUTOS = YES_AGGRESSIVE;
				GCC_WARN_UNUSED_FUNCTION = YES;
				GCC_WARN_UNUSED_VARIABLE = YES;
				IPHONEOS_DEPLOYMENT_TARGET = 17.5;
				LOCALIZATION_PREFERS_STRING_CATALOGS = YES;
				MTL_ENABLE_DEBUG_INFO = NO;
				MTL_FAST_MATH = YES;
				SDKROOT = iphoneos;
				SWIFT_COMPILATION_MODE = wholemodule;
				VALIDATE_PRODUCT = YES;
			};
			name = Release;
		};
		C04BA7EA2C9772F100E32B25 /* Debug */ = {
			isa = XCBuildConfiguration;
			buildSettings = {
				ASSETCATALOG_COMPILER_APPICON_NAME = AppIcon;
				ASSETCATALOG_COMPILER_GLOBAL_ACCENT_COLOR_NAME = AccentColor;
				CODE_SIGN_STYLE = Automatic;
				CURRENT_PROJECT_VERSION = 1;
				DEVELOPMENT_ASSET_PATHS = "\"LBTASwiftUIFirebaseChat/Preview Content\"";
				ENABLE_PREVIEWS = YES;
				GENERATE_INFOPLIST_FILE = YES;
				INFOPLIST_KEY_UIApplicationSceneManifest_Generation = YES;
				INFOPLIST_KEY_UIApplicationSupportsIndirectInputEvents = YES;
				INFOPLIST_KEY_UILaunchScreen_Generation = YES;
				INFOPLIST_KEY_UISupportedInterfaceOrientations_iPad = "UIInterfaceOrientationPortrait UIInterfaceOrientationPortraitUpsideDown UIInterfaceOrientationLandscapeLeft UIInterfaceOrientationLandscapeRight";
				INFOPLIST_KEY_UISupportedInterfaceOrientations_iPhone = "UIInterfaceOrientationPortrait UIInterfaceOrientationLandscapeLeft UIInterfaceOrientationLandscapeRight";
				LD_RUNPATH_SEARCH_PATHS = (
					"$(inherited)",
					"@executable_path/Frameworks",
				);
				MARKETING_VERSION = 1.0;
				PRODUCT_BUNDLE_IDENTIFIER = me.LBTASwiftUIFirebaseChat;
				PRODUCT_NAME = "$(TARGET_NAME)";
				SWIFT_EMIT_LOC_STRINGS = YES;
				SWIFT_VERSION = 5.0;
				TARGETED_DEVICE_FAMILY = "1,2";
			};
			name = Debug;
		};
		C04BA7EB2C9772F100E32B25 /* Release */ = {
			isa = XCBuildConfiguration;
			buildSettings = {
				ASSETCATALOG_COMPILER_APPICON_NAME = AppIcon;
				ASSETCATALOG_COMPILER_GLOBAL_ACCENT_COLOR_NAME = AccentColor;
				CODE_SIGN_STYLE = Automatic;
				CURRENT_PROJECT_VERSION = 1;
				DEVELOPMENT_ASSET_PATHS = "\"LBTASwiftUIFirebaseChat/Preview Content\"";
				ENABLE_PREVIEWS = YES;
				GENERATE_INFOPLIST_FILE = YES;
				INFOPLIST_KEY_UIApplicationSceneManifest_Generation = YES;
				INFOPLIST_KEY_UIApplicationSupportsIndirectInputEvents = YES;
				INFOPLIST_KEY_UILaunchScreen_Generation = YES;
				INFOPLIST_KEY_UISupportedInterfaceOrientations_iPad = "UIInterfaceOrientationPortrait UIInterfaceOrientationPortraitUpsideDown UIInterfaceOrientationLandscapeLeft UIInterfaceOrientationLandscapeRight";
				INFOPLIST_KEY_UISupportedInterfaceOrientations_iPhone = "UIInterfaceOrientationPortrait UIInterfaceOrientationLandscapeLeft UIInterfaceOrientationLandscapeRight";
				LD_RUNPATH_SEARCH_PATHS = (
					"$(inherited)",
					"@executable_path/Frameworks",
				);
				MARKETING_VERSION = 1.0;
				PRODUCT_BUNDLE_IDENTIFIER = me.LBTASwiftUIFirebaseChat;
				PRODUCT_NAME = "$(TARGET_NAME)";
				SWIFT_EMIT_LOC_STRINGS = YES;
				SWIFT_VERSION = 5.0;
				TARGETED_DEVICE_FAMILY = "1,2";
			};
			name = Release;
		};
/* End XCBuildConfiguration section */

/* Begin XCConfigurationList section */
		C04BA7D62C9772EF00E32B25 /* Build configuration list for PBXProject "LBTASwiftUIFirebaseChat" */ = {
			isa = XCConfigurationList;
			buildConfigurations = (
				C04BA7E72C9772F100E32B25 /* Debug */,
				C04BA7E82C9772F100E32B25 /* Release */,
			);
			defaultConfigurationIsVisible = 0;
			defaultConfigurationName = Release;
		};
		C04BA7E92C9772F100E32B25 /* Build configuration list for PBXNativeTarget "LBTASwiftUIFirebaseChat" */ = {
			isa = XCConfigurationList;
			buildConfigurations = (
				C04BA7EA2C9772F100E32B25 /* Debug */,
				C04BA7EB2C9772F100E32B25 /* Release */,
			);
			defaultConfigurationIsVisible = 0;
			defaultConfigurationName = Release;
		};
/* End XCConfigurationList section */

/* Begin XCLocalSwiftPackageReference section */
		C0F05F512C9B1499003FF73E /* XCLocalSwiftPackageReference "../../SDWebImageSwiftUI" */ = {
			isa = XCLocalSwiftPackageReference;
			relativePath = ../../SDWebImageSwiftUI;
		};
/* End XCLocalSwiftPackageReference section */

/* Begin XCRemoteSwiftPackageReference section */
		C0F286892CAD549800439FDE /* XCRemoteSwiftPackageReference "firebase-ios-sdk" */ = {
			isa = XCRemoteSwiftPackageReference;
			repositoryURL = "https://github.com/firebase/firebase-ios-sdk";
			requirement = {
				kind = upToNextMajorVersion;
				minimumVersion = 11.3.0;
			};
		};
/* End XCRemoteSwiftPackageReference section */

/* Begin XCSwiftPackageProductDependency section */
		C0F05F4D2C9B12DE003FF73E /* SDWebImage */ = {
			isa = XCSwiftPackageProductDependency;
			productName = SDWebImage;
		};
		C0F05F4F2C9B12DE003FF73E /* SDWebImageMapKit */ = {
			isa = XCSwiftPackageProductDependency;
			productName = SDWebImageMapKit;
		};
		C0F05F522C9B1499003FF73E /* SDWebImageSwiftUI */ = {
			isa = XCSwiftPackageProductDependency;
			productName = SDWebImageSwiftUI;
		};
		C0F2868A2CAD549800439FDE /* FirebaseAuth */ = {
			isa = XCSwiftPackageProductDependency;
			package = C0F286892CAD549800439FDE /* XCRemoteSwiftPackageReference "firebase-ios-sdk" */;
			productName = FirebaseAuth;
		};
		C0F2868C2CAD549800439FDE /* FirebaseDatabase */ = {
			isa = XCSwiftPackageProductDependency;
			package = C0F286892CAD549800439FDE /* XCRemoteSwiftPackageReference "firebase-ios-sdk" */;
			productName = FirebaseDatabase;
		};
		C0F2868E2CAD549800439FDE /* FirebaseFirestore */ = {
			isa = XCSwiftPackageProductDependency;
			package = C0F286892CAD549800439FDE /* XCRemoteSwiftPackageReference "firebase-ios-sdk" */;
			productName = FirebaseFirestore;
		};
		C0F286902CAD549800439FDE /* FirebaseStorage */ = {
			isa = XCSwiftPackageProductDependency;
			package = C0F286892CAD549800439FDE /* XCRemoteSwiftPackageReference "firebase-ios-sdk" */;
			productName = FirebaseStorage;
		};
/* End XCSwiftPackageProductDependency section */
	};
	rootObject = C04BA7D32C9772EF00E32B25 /* Project object */;
}
